
Microsoft Visual Studio Solution File, Format Version 12.00
# Visual Studio Version 17
VisualStudioVersion = 17.7.34221.43
MinimumVisualStudioVersion = 10.0.40219.1
Project("{FAE04EC0-301F-11D3-BF4B-00C04F79EFBC}") = "UserApis", "UserApis\UserApis.csproj", "{98AEF3FF-E98E-467A-A8F1-57172E76CF3A}"
EndProject
Global
	GlobalSection(SolutionConfigurationPlatforms) = preSolution
		Debug|Any CPU = Debug|Any CPU
		Release|Any CPU = Release|Any CPU
	EndGlobalSection
	GlobalSection(ProjectConfigurationPlatforms) = postSolution
		{98AEF3FF-E98E-467A-A8F1-57172E76CF3A}.Debug|Any CPU.ActiveCfg = Debug|Any CPU
		{98AEF3FF-E98E-467A-A8F1-57172E76CF3A}.Debug|Any CPU.Build.0 = Debug|Any CPU
		{98AEF3FF-E98E-467A-A8F1-57172E76CF3A}.Release|Any CPU.ActiveCfg = Release|Any CPU
		{98AEF3FF-E98E-467A-A8F1-57172E76CF3A}.Release|Any CPU.Build.0 = Release|Any CPU
	EndGlobalSection
	GlobalSection(SolutionProperties) = preSolution
		HideSolutionNode = FALSE
	EndGlobalSection
	GlobalSection(ExtensibilityGlobals) = postSolution
		SolutionGuid = {16B86B09-5258-42E8-B0F7-AD5ECC9C0192}
	EndGlobalSection
EndGlobal
